
Microsoft Visual Studio Solution File, Format Version 12.00
# Visual Studio 15
Project("{FAE04EC0-301F-11D3-BF4B-00C04F79EFBC}") = "Assembly-CSharp", "Assembly-CSharp.csproj", "{16E090DA-5A86-B0E5-D41B-CCD8C4295DD5}"
EndProject
Project("{FAE04EC0-301F-11D3-BF4B-00C04F79EFBC}") = "ScriptInspector", "ScriptInspector.csproj", "{00D7FDD1-088B-AB21-BEBF-36FC091B5B6F}"
EndProject
Global
	GlobalSection(SolutionConfigurationPlatforms) = preSolution
		Debug|Any CPU = Debug|Any CPU
		Release|Any CPU = Release|Any CPU
	EndGlobalSection
	GlobalSection(ProjectConfigurationPlatforms) = postSolution
		{16E090DA-5A86-B0E5-D41B-CCD8C4295DD5}.Debug|Any CPU.ActiveCfg = Debug|Any CPU
		{16E090DA-5A86-B0E5-D41B-CCD8C4295DD5}.Debug|Any CPU.Build.0 = Debug|Any CPU
		{16E090DA-5A86-B0E5-D41B-CCD8C4295DD5}.Release|Any CPU.ActiveCfg = Release|Any CPU
		{16E090DA-5A86-B0E5-D41B-CCD8C4295DD5}.Release|Any CPU.Build.0 = Release|Any CPU
		{00D7FDD1-088B-AB21-BEBF-36FC091B5B6F}.Debug|Any CPU.ActiveCfg = Debug|Any CPU
		{00D7FDD1-088B-AB21-BEBF-36FC091B5B6F}.Debug|Any CPU.Build.0 = Debug|Any CPU
		{00D7FDD1-088B-AB21-BEBF-36FC091B5B6F}.Release|Any CPU.ActiveCfg = Release|Any CPU
		{00D7FDD1-088B-AB21-BEBF-36FC091B5B6F}.Release|Any CPU.Build.0 = Release|Any CPU
	EndGlobalSection
	GlobalSection(SolutionProperties) = preSolution
		HideSolutionNode = FALSE
	EndGlobalSection
EndGlobal
